
Microsoft Visual Studio Solution File, Format Version 12.00
# Visual Studio 15
VisualStudioVersion = 15.0.33026.149
MinimumVisualStudioVersion = 10.0.40219.1
Project("{FAE04EC0-301F-11D3-BF4B-00C04F79EFBC}") = "XLA_Project3", "XLA_Project3\XLA_Project3.csproj", "{2E061A76-B57A-4AD6-BE21-FB4CE6DEDB86}"
EndProject
Global
	GlobalSection(SolutionConfigurationPlatforms) = preSolution
		Debug|Any CPU = Debug|Any CPU
		Release|Any CPU = Release|Any CPU
	EndGlobalSection
	GlobalSection(ProjectConfigurationPlatforms) = postSolution
		{2E061A76-B57A-4AD6-BE21-FB4CE6DEDB86}.Debug|Any CPU.ActiveCfg = Debug|Any CPU
		{2E061A76-B57A-4AD6-BE21-FB4CE6DEDB86}.Debug|Any CPU.Build.0 = Debug|Any CPU
		{2E061A76-B57A-4AD6-BE21-FB4CE6DEDB86}.Release|Any CPU.ActiveCfg = Release|Any CPU
		{2E061A76-B57A-4AD6-BE21-FB4CE6DEDB86}.Release|Any CPU.Build.0 = Release|Any CPU
	EndGlobalSection
	GlobalSection(SolutionProperties) = preSolution
		HideSolutionNode = FALSE
	EndGlobalSection
	GlobalSection(ExtensibilityGlobals) = postSolution
		SolutionGuid = {0B13085F-93BF-4312-BF59-CBF0720558EA}
	EndGlobalSection
EndGlobal
